
Microsoft Visual Studio Solution File, Format Version 11.00
# Visual Studio 2010
Project("{FAE04EC0-301F-11D3-BF4B-00C04F79EFBC}") = "ShamosHoey", "ShamosHoey\ShamosHoey.csproj", "{EB0C184F-4646-42D0-98EA-EDBDE4A80CB9}"
EndProject
Project("{FAE04EC0-301F-11D3-BF4B-00C04F79EFBC}") = "ShamosHoeyTest", "ShamosHoeyTest\ShamosHoeyTest.csproj", "{3B1F648F-A3B8-4B71-9E8F-2B241536E213}"
EndProject
Project("{2150E333-8FDC-42A3-9474-1A3956D46DE8}") = "Solution Items", "Solution Items", "{3B4D0281-1C36-4842-BEC0-626689FEFD32}"
	ProjectSection(SolutionItems) = preProject
		Local.testsettings = Local.testsettings
		ShamosHoey.vsmdi = ShamosHoey.vsmdi
		TraceAndTestImpact.testsettings = TraceAndTestImpact.testsettings
	EndProjectSection
EndProject
Global
	GlobalSection(TestCaseManagementSettings) = postSolution
		CategoryFile = ShamosHoey.vsmdi
	EndGlobalSection
	GlobalSection(SolutionConfigurationPlatforms) = preSolution
		Debug|Any CPU = Debug|Any CPU
		Debug|Mixed Platforms = Debug|Mixed Platforms
		Debug|x86 = Debug|x86
		Release|Any CPU = Release|Any CPU
		Release|Mixed Platforms = Release|Mixed Platforms
		Release|x86 = Release|x86
	EndGlobalSection
	GlobalSection(ProjectConfigurationPlatforms) = postSolution
		{EB0C184F-4646-42D0-98EA-EDBDE4A80CB9}.Debug|Any CPU.ActiveCfg = Debug|x86
		{EB0C184F-4646-42D0-98EA-EDBDE4A80CB9}.Debug|Mixed Platforms.ActiveCfg = Debug|x86
		{EB0C184F-4646-42D0-98EA-EDBDE4A80CB9}.Debug|Mixed Platforms.Build.0 = Debug|x86
		{EB0C184F-4646-42D0-98EA-EDBDE4A80CB9}.Debug|x86.ActiveCfg = Debug|x86
		{EB0C184F-4646-42D0-98EA-EDBDE4A80CB9}.Debug|x86.Build.0 = Debug|x86
		{EB0C184F-4646-42D0-98EA-EDBDE4A80CB9}.Release|Any CPU.ActiveCfg = Release|x86
		{EB0C184F-4646-42D0-98EA-EDBDE4A80CB9}.Release|Mixed Platforms.ActiveCfg = Release|x86
		{EB0C184F-4646-42D0-98EA-EDBDE4A80CB9}.Release|Mixed Platforms.Build.0 = Release|x86
		{EB0C184F-4646-42D0-98EA-EDBDE4A80CB9}.Release|x86.ActiveCfg = Release|x86
		{EB0C184F-4646-42D0-98EA-EDBDE4A80CB9}.Release|x86.Build.0 = Release|x86
		{3B1F648F-A3B8-4B71-9E8F-2B241536E213}.Debug|Any CPU.ActiveCfg = Debug|Any CPU
		{3B1F648F-A3B8-4B71-9E8F-2B241536E213}.Debug|Any CPU.Build.0 = Debug|Any CPU
		{3B1F648F-A3B8-4B71-9E8F-2B241536E213}.Debug|Mixed Platforms.ActiveCfg = Debug|Any CPU
		{3B1F648F-A3B8-4B71-9E8F-2B241536E213}.Debug|Mixed Platforms.Build.0 = Debug|Any CPU
		{3B1F648F-A3B8-4B71-9E8F-2B241536E213}.Debug|x86.ActiveCfg = Debug|Any CPU
		{3B1F648F-A3B8-4B71-9E8F-2B241536E213}.Release|Any CPU.ActiveCfg = Release|Any CPU
		{3B1F648F-A3B8-4B71-9E8F-2B241536E213}.Release|Any CPU.Build.0 = Release|Any CPU
		{3B1F648F-A3B8-4B71-9E8F-2B241536E213}.Release|Mixed Platforms.ActiveCfg = Release|Any CPU
		{3B1F648F-A3B8-4B71-9E8F-2B241536E213}.Release|Mixed Platforms.Build.0 = Release|Any CPU
		{3B1F648F-A3B8-4B71-9E8F-2B241536E213}.Release|x86.ActiveCfg = Release|Any CPU
	EndGlobalSection
	GlobalSection(SolutionProperties) = preSolution
		HideSolutionNode = FALSE
	EndGlobalSection
EndGlobal
